
Microsoft Visual Studio Solution File, Format Version 12.00
# Visual Studio Version 16
VisualStudioVersion = 16.0.31129.286
MinimumVisualStudioVersion = 10.0.40219.1
Project("{FAE04EC0-301F-11D3-BF4B-00C04F79EFBC}") = "SharpKafka", "SharpKafka\SharpKafka.csproj", "{B9A8BAA7-181E-4AC9-8A3C-50B3B26E8F17}"
EndProject
Global
	GlobalSection(SolutionConfigurationPlatforms) = preSolution
		Debug|Any CPU = Debug|Any CPU
		Release|Any CPU = Release|Any CPU
	EndGlobalSection
	GlobalSection(ProjectConfigurationPlatforms) = postSolution
		{B9A8BAA7-181E-4AC9-8A3C-50B3B26E8F17}.Debug|Any CPU.ActiveCfg = Debug|Any CPU
		{B9A8BAA7-181E-4AC9-8A3C-50B3B26E8F17}.Debug|Any CPU.Build.0 = Debug|Any CPU
		{B9A8BAA7-181E-4AC9-8A3C-50B3B26E8F17}.Release|Any CPU.ActiveCfg = Release|Any CPU
		{B9A8BAA7-181E-4AC9-8A3C-50B3B26E8F17}.Release|Any CPU.Build.0 = Release|Any CPU
	EndGlobalSection
	GlobalSection(SolutionProperties) = preSolution
		HideSolutionNode = FALSE
	EndGlobalSection
	GlobalSection(ExtensibilityGlobals) = postSolution
		SolutionGuid = {414DC993-9277-4C6B-957B-942A7E52248C}
	EndGlobalSection
EndGlobal
