
Microsoft Visual Studio Solution File, Format Version 12.00
# Visual Studio Version 16
VisualStudioVersion = 16.0.31129.286
MinimumVisualStudioVersion = 10.0.40219.1
Project("{2150E333-8FDC-42A3-9474-1A3956D46DE8}") = "src", "src", "{71EFF3D3-6318-49D7-BB87-66CD3A370A29}"
EndProject
Project("{2150E333-8FDC-42A3-9474-1A3956D46DE8}") = "tests", "tests", "{64135100-B7CD-43EF-BA3D-123995805176}"
EndProject
Project("{2150E333-8FDC-42A3-9474-1A3956D46DE8}") = "examples", "examples", "{A538138A-8E2B-417C-8637-1C4CF42733C2}"
EndProject
Project("{9A19103F-16F7-4668-BE54-9A1E7A4F7556}") = "SharpKafka", "src\SharpKafka\SharpKafka.csproj", "{D9E8362D-DF9F-4077-B71F-04B2B8A1FD3A}"
EndProject
Project("{9A19103F-16F7-4668-BE54-9A1E7A4F7556}") = "UnitTests", "tests\UnitTests\UnitTests.csproj", "{F2DB89FE-64A8-4447-A4DA-3D6343506A30}"
EndProject
Project("{9A19103F-16F7-4668-BE54-9A1E7A4F7556}") = "Web", "examples\Web\Web.csproj", "{83C23FEA-2E71-41F5-B464-FD19D32949E0}"
EndProject
Project("{9A19103F-16F7-4668-BE54-9A1E7A4F7556}") = "WorkerService", "examples\WorkerService\WorkerService.csproj", "{0FDC51DB-66DE-4931-BDC7-29FB48DDFEC5}"
EndProject
Project("{9A19103F-16F7-4668-BE54-9A1E7A4F7556}") = "SimpleProducerWorker", "examples\SimpleProducerWorker\SimpleProducerWorker.csproj", "{48EDEEAD-A394-4152-993E-100625252C55}"
EndProject
Project("{9A19103F-16F7-4668-BE54-9A1E7A4F7556}") = "SimpleConsumerWorker", "examples\SimpleConsumerWorker\SimpleConsumerWorker.csproj", "{E7A6965D-D074-45AA-986C-81B0C0A71F15}"
EndProject
Global
	GlobalSection(SolutionConfigurationPlatforms) = preSolution
		Debug|Any CPU = Debug|Any CPU
		Release|Any CPU = Release|Any CPU
	EndGlobalSection
	GlobalSection(ProjectConfigurationPlatforms) = postSolution
		{D9E8362D-DF9F-4077-B71F-04B2B8A1FD3A}.Debug|Any CPU.ActiveCfg = Debug|Any CPU
		{D9E8362D-DF9F-4077-B71F-04B2B8A1FD3A}.Debug|Any CPU.Build.0 = Debug|Any CPU
		{D9E8362D-DF9F-4077-B71F-04B2B8A1FD3A}.Release|Any CPU.ActiveCfg = Release|Any CPU
		{D9E8362D-DF9F-4077-B71F-04B2B8A1FD3A}.Release|Any CPU.Build.0 = Release|Any CPU
		{F2DB89FE-64A8-4447-A4DA-3D6343506A30}.Debug|Any CPU.ActiveCfg = Debug|Any CPU
		{F2DB89FE-64A8-4447-A4DA-3D6343506A30}.Debug|Any CPU.Build.0 = Debug|Any CPU
		{F2DB89FE-64A8-4447-A4DA-3D6343506A30}.Release|Any CPU.ActiveCfg = Release|Any CPU
		{F2DB89FE-64A8-4447-A4DA-3D6343506A30}.Release|Any CPU.Build.0 = Release|Any CPU
		{83C23FEA-2E71-41F5-B464-FD19D32949E0}.Debug|Any CPU.ActiveCfg = Debug|Any CPU
		{83C23FEA-2E71-41F5-B464-FD19D32949E0}.Debug|Any CPU.Build.0 = Debug|Any CPU
		{83C23FEA-2E71-41F5-B464-FD19D32949E0}.Release|Any CPU.ActiveCfg = Release|Any CPU
		{83C23FEA-2E71-41F5-B464-FD19D32949E0}.Release|Any CPU.Build.0 = Release|Any CPU
		{0FDC51DB-66DE-4931-BDC7-29FB48DDFEC5}.Debug|Any CPU.ActiveCfg = Debug|Any CPU
		{0FDC51DB-66DE-4931-BDC7-29FB48DDFEC5}.Debug|Any CPU.Build.0 = Debug|Any CPU
		{0FDC51DB-66DE-4931-BDC7-29FB48DDFEC5}.Release|Any CPU.ActiveCfg = Release|Any CPU
		{0FDC51DB-66DE-4931-BDC7-29FB48DDFEC5}.Release|Any CPU.Build.0 = Release|Any CPU
		{48EDEEAD-A394-4152-993E-100625252C55}.Debug|Any CPU.ActiveCfg = Debug|Any CPU
		{48EDEEAD-A394-4152-993E-100625252C55}.Debug|Any CPU.Build.0 = Debug|Any CPU
		{48EDEEAD-A394-4152-993E-100625252C55}.Release|Any CPU.ActiveCfg = Release|Any CPU
		{48EDEEAD-A394-4152-993E-100625252C55}.Release|Any CPU.Build.0 = Release|Any CPU
		{E7A6965D-D074-45AA-986C-81B0C0A71F15}.Debug|Any CPU.ActiveCfg = Debug|Any CPU
		{E7A6965D-D074-45AA-986C-81B0C0A71F15}.Debug|Any CPU.Build.0 = Debug|Any CPU
		{E7A6965D-D074-45AA-986C-81B0C0A71F15}.Release|Any CPU.ActiveCfg = Release|Any CPU
		{E7A6965D-D074-45AA-986C-81B0C0A71F15}.Release|Any CPU.Build.0 = Release|Any CPU
	EndGlobalSection
	GlobalSection(SolutionProperties) = preSolution
		HideSolutionNode = FALSE
	EndGlobalSection
	GlobalSection(NestedProjects) = preSolution
		{D9E8362D-DF9F-4077-B71F-04B2B8A1FD3A} = {71EFF3D3-6318-49D7-BB87-66CD3A370A29}
		{F2DB89FE-64A8-4447-A4DA-3D6343506A30} = {64135100-B7CD-43EF-BA3D-123995805176}
		{83C23FEA-2E71-41F5-B464-FD19D32949E0} = {A538138A-8E2B-417C-8637-1C4CF42733C2}
		{0FDC51DB-66DE-4931-BDC7-29FB48DDFEC5} = {A538138A-8E2B-417C-8637-1C4CF42733C2}
		{48EDEEAD-A394-4152-993E-100625252C55} = {A538138A-8E2B-417C-8637-1C4CF42733C2}
		{E7A6965D-D074-45AA-986C-81B0C0A71F15} = {A538138A-8E2B-417C-8637-1C4CF42733C2}
	EndGlobalSection
	GlobalSection(ExtensibilityGlobals) = postSolution
		SolutionGuid = {414DC993-9277-4C6B-957B-942A7E52248C}
	EndGlobalSection
EndGlobal
